
Microsoft Visual Studio Solution File, Format Version 12.00
# Visual Studio 15
VisualStudioVersion = 15.0.27703.2042
MinimumVisualStudioVersion = 10.0.40219.1
Project("{FAE04EC0-301F-11D3-BF4B-00C04F79EFBC}") = "SpaGroceryList", "SpaGroceryList\SpaGroceryList.csproj", "{CA9F94DB-7460-44B4-936C-09EC59C52E74}"
EndProject
Global
	GlobalSection(SolutionConfigurationPlatforms) = preSolution
		Debug|Any CPU = Debug|Any CPU
		Release|Any CPU = Release|Any CPU
	EndGlobalSection
	GlobalSection(ProjectConfigurationPlatforms) = postSolution
		{CA9F94DB-7460-44B4-936C-09EC59C52E74}.Debug|Any CPU.ActiveCfg = Debug|Any CPU
		{CA9F94DB-7460-44B4-936C-09EC59C52E74}.Debug|Any CPU.Build.0 = Debug|Any CPU
		{CA9F94DB-7460-44B4-936C-09EC59C52E74}.Release|Any CPU.ActiveCfg = Release|Any CPU
		{CA9F94DB-7460-44B4-936C-09EC59C52E74}.Release|Any CPU.Build.0 = Release|Any CPU
	EndGlobalSection
	GlobalSection(SolutionProperties) = preSolution
		HideSolutionNode = FALSE
	EndGlobalSection
	GlobalSection(ExtensibilityGlobals) = postSolution
		SolutionGuid = {DAF6FD0B-9C66-4E2C-B1CF-32A6FD4DBFB1}
	EndGlobalSection
EndGlobal
